
Microsoft Visual Studio Solution File, Format Version 12.00
# Visual Studio Version 17
VisualStudioVersion = 17.5.33502.453
MinimumVisualStudioVersion = 10.0.40219.1
Project("{FAE04EC0-301F-11D3-BF4B-00C04F79EFBC}") = "NorthWindWeb_Demo", "NorthWindWeb_Demo\NorthWindWeb_Demo.csproj", "{3CC9DD75-0C71-4548-B605-A3274AF03843}"
EndProject
Global
	GlobalSection(SolutionConfigurationPlatforms) = preSolution
		Debug|Any CPU = Debug|Any CPU
		Release|Any CPU = Release|Any CPU
	EndGlobalSection
	GlobalSection(ProjectConfigurationPlatforms) = postSolution
		{3CC9DD75-0C71-4548-B605-A3274AF03843}.Debug|Any CPU.ActiveCfg = Debug|Any CPU
		{3CC9DD75-0C71-4548-B605-A3274AF03843}.Debug|Any CPU.Build.0 = Debug|Any CPU
		{3CC9DD75-0C71-4548-B605-A3274AF03843}.Release|Any CPU.ActiveCfg = Release|Any CPU
		{3CC9DD75-0C71-4548-B605-A3274AF03843}.Release|Any CPU.Build.0 = Release|Any CPU
	EndGlobalSection
	GlobalSection(SolutionProperties) = preSolution
		HideSolutionNode = FALSE
	EndGlobalSection
	GlobalSection(ExtensibilityGlobals) = postSolution
		SolutionGuid = {038A533A-CC77-42D6-8F65-5EA716821C89}
	EndGlobalSection
EndGlobal
